// !$*UTF8*$!
{
	archiveVersion = 1;
	classes = {
	};
	objectVersion = 50;
	objects = {

/* Begin PBXBuildFile section */
		981BBF02234F8F1100B1EF19 /* AppDelegate.swift in Sources */ = {isa = PBXBuildFile; fileRef = 981BBF01234F8F1100B1EF19 /* AppDelegate.swift */; };
		981BBF04234F8F1100B1EF19 /* SceneDelegate.swift in Sources */ = {isa = PBXBuildFile; fileRef = 981BBF03234F8F1100B1EF19 /* SceneDelegate.swift */; };
		981BBF06234F8F1100B1EF19 /* ContentView.swift in Sources */ = {isa = PBXBuildFile; fileRef = 981BBF05234F8F1100B1EF19 /* ContentView.swift */; };
		981BBF08234F8F1300B1EF19 /* Assets.xcassets in Resources */ = {isa = PBXBuildFile; fileRef = 981BBF07234F8F1300B1EF19 /* Assets.xcassets */; };
		981BBF0B234F8F1300B1EF19 /* Preview Assets.xcassets in Resources */ = {isa = PBXBuildFile; fileRef = 981BBF0A234F8F1300B1EF19 /* Preview Assets.xcassets */; };
		981BBF0E234F8F1300B1EF19 /* LaunchScreen.storyboard in Resources */ = {isa = PBXBuildFile; fileRef = 981BBF0C234F8F1300B1EF19 /* LaunchScreen.storyboard */; };
		981BBF19234F8F1400B1EF19 /* LandmarksTests.swift in Sources */ = {isa = PBXBuildFile; fileRef = 981BBF18234F8F1400B1EF19 /* LandmarksTests.swift */; };
		981BBF24234F8F1400B1EF19 /* LandmarksUITests.swift in Sources */ = {isa = PBXBuildFile; fileRef = 981BBF23234F8F1400B1EF19 /* LandmarksUITests.swift */; };
		98B987DF2351960A00DA5015 /* CircleImage.swift in Sources */ = {isa = PBXBuildFile; fileRef = 98B987DE2351960900DA5015 /* CircleImage.swift */; };
		98B987E12352131C00DA5015 /* MapView.swift in Sources */ = {isa = PBXBuildFile; fileRef = 98B987E02352131C00DA5015 /* MapView.swift */; };
		98B987E623521A6200DA5015 /* Landmark.swift in Sources */ = {isa = PBXBuildFile; fileRef = 98B987E523521A6200DA5015 /* Landmark.swift */; };
		98B987F22352220300DA5015 /* LandmarkDetail.swift in Sources */ = {isa = PBXBuildFile; fileRef = 98B987F12352220300DA5015 /* LandmarkDetail.swift */; };
		98B987F62352238A00DA5015 /* LandmarkRow.swift in Sources */ = {isa = PBXBuildFile; fileRef = 98B987F52352238A00DA5015 /* LandmarkRow.swift */; };
		98B987F82352252700DA5015 /* Data.swift in Sources */ = {isa = PBXBuildFile; fileRef = 98B987F72352252700DA5015 /* Data.swift */; };
		98B987FA23522D8700DA5015 /* LandmarkList.swift in Sources */ = {isa = PBXBuildFile; fileRef = 98B987F923522D8700DA5015 /* LandmarkList.swift */; };
		98B9882F2352D3DA00DA5015 /* UserData.swift in Sources */ = {isa = PBXBuildFile; fileRef = 98B9882E2352D3DA00DA5015 /* UserData.swift */; };
		98B9884A2352D5C100DA5015 /* stmarylake.jpg in Resources */ = {isa = PBXBuildFile; fileRef = 98B9883C2352D5C000DA5015 /* stmarylake.jpg */; };
		98B9884B2352D5C100DA5015 /* turtlerock.jpg in Resources */ = {isa = PBXBuildFile; fileRef = 98B9883D2352D5C000DA5015 /* turtlerock.jpg */; };
		98B9884C2352D5C100DA5015 /* hiddenlake.jpg in Resources */ = {isa = PBXBuildFile; fileRef = 98B9883E2352D5C000DA5015 /* hiddenlake.jpg */; };
		98B9884D2352D5C100DA5015 /* rainbowlake.jpg in Resources */ = {isa = PBXBuildFile; fileRef = 98B9883F2352D5C000DA5015 /* rainbowlake.jpg */; };
		98B9884E2352D5C100DA5015 /* twinlake.jpg in Resources */ = {isa = PBXBuildFile; fileRef = 98B988402352D5C000DA5015 /* twinlake.jpg */; };
		98B9884F2352D5C100DA5015 /* silversalmoncreek.jpg in Resources */ = {isa = PBXBuildFile; fileRef = 98B988412352D5C000DA5015 /* silversalmoncreek.jpg */; };
		98B988502352D5C100DA5015 /* lakemcdonald.jpg in Resources */ = {isa = PBXBuildFile; fileRef = 98B988422352D5C000DA5015 /* lakemcdonald.jpg */; };
		98B988512352D5C100DA5015 /* icybay.jpg in Resources */ = {isa = PBXBuildFile; fileRef = 98B988432352D5C000DA5015 /* icybay.jpg */; };
		98B988522352D5C100DA5015 /* landmarkData.json in Resources */ = {isa = PBXBuildFile; fileRef = 98B988442352D5C000DA5015 /* landmarkData.json */; };
		98B988532352D5C100DA5015 /* chilkoottrail.jpg in Resources */ = {isa = PBXBuildFile; fileRef = 98B988452352D5C000DA5015 /* chilkoottrail.jpg */; };
		98B988542352D5C100DA5015 /* yukon_charleyrivers.jpg in Resources */ = {isa = PBXBuildFile; fileRef = 98B988462352D5C000DA5015 /* yukon_charleyrivers.jpg */; };
		98B988552352D5C100DA5015 /* charleyrivers.jpg in Resources */ = {isa = PBXBuildFile; fileRef = 98B988472352D5C000DA5015 /* charleyrivers.jpg */; };
		98B988562352D5C100DA5015 /* chincoteague.jpg in Resources */ = {isa = PBXBuildFile; fileRef = 98B988482352D5C100DA5015 /* chincoteague.jpg */; };
		98B988572352D5C100DA5015 /* umbagog.jpg in Resources */ = {isa = PBXBuildFile; fileRef = 98B988492352D5C100DA5015 /* umbagog.jpg */; };
		98B988592353661A00DA5015 /* HexagonParameters.swift in Sources */ = {isa = PBXBuildFile; fileRef = 98B988582353661900DA5015 /* HexagonParameters.swift */; };
		98B9885B235367C200DA5015 /* Badge.swift in Sources */ = {isa = PBXBuildFile; fileRef = 98B9885A235367C200DA5015 /* Badge.swift */; };
		98B9885D23565BDE00DA5015 /* BadgeBackground.swift in Sources */ = {isa = PBXBuildFile; fileRef = 98B9885C23565BDE00DA5015 /* BadgeBackground.swift */; };
		98B9885F23565CCB00DA5015 /* BadgeSymbol.swift in Sources */ = {isa = PBXBuildFile; fileRef = 98B9885E23565CCB00DA5015 /* BadgeSymbol.swift */; };
		98B9886123565D5F00DA5015 /* RotatedBadgeSymbol.swift in Sources */ = {isa = PBXBuildFile; fileRef = 98B9886023565D5F00DA5015 /* RotatedBadgeSymbol.swift */; };
/* End PBXBuildFile section */

/* Begin PBXContainerItemProxy section */
		981BBF15234F8F1400B1EF19 /* PBXContainerItemProxy */ = {
			isa = PBXContainerItemProxy;
			containerPortal = 981BBEF6234F8F1000B1EF19 /* Project object */;
			proxyType = 1;
			remoteGlobalIDString = 981BBEFD234F8F1100B1EF19;
			remoteInfo = Landmarks;
		};
		981BBF20234F8F1400B1EF19 /* PBXContainerItemProxy */ = {
			isa = PBXContainerItemProxy;
			containerPortal = 981BBEF6234F8F1000B1EF19 /* Project object */;
			proxyType = 1;
			remoteGlobalIDString = 981BBEFD234F8F1100B1EF19;
			remoteInfo = Landmarks;
		};
/* End PBXContainerItemProxy section */

/* Begin PBXFileReference section */
		981BBEFE234F8F1100B1EF19 /* Landmarks.app */ = {isa = PBXFileReference; explicitFileType = wrapper.application; includeInIndex = 0; path = Landmarks.app; sourceTree = BUILT_PRODUCTS_DIR; };
		981BBF01234F8F1100B1EF19 /* AppDelegate.swift */ = {isa = PBXFileReference; lastKnownFileType = sourcecode.swift; path = AppDelegate.swift; sourceTree = "<group>"; };
		981BBF03234F8F1100B1EF19 /* SceneDelegate.swift */ = {isa = PBXFileReference; lastKnownFileType = sourcecode.swift; path = SceneDelegate.swift; sourceTree = "<group>"; };
		981BBF05234F8F1100B1EF19 /* ContentView.swift */ = {isa = PBXFileReference; lastKnownFileType = sourcecode.swift; path = ContentView.swift; sourceTree = "<group>"; };
		981BBF07234F8F1300B1EF19 /* Assets.xcassets */ = {isa = PBXFileReference; lastKnownFileType = folder.assetcatalog; path = Assets.xcassets; sourceTree = "<group>"; };
		981BBF0A234F8F1300B1EF19 /* Preview Assets.xcassets */ = {isa = PBXFileReference; lastKnownFileType = folder.assetcatalog; path = "Preview Assets.xcassets"; sourceTree = "<group>"; };
		981BBF0D234F8F1300B1EF19 /* Base */ = {isa = PBXFileReference; lastKnownFileType = file.storyboard; name = Base; path = Base.lproj/LaunchScreen.storyboard; sourceTree = "<group>"; };
		981BBF0F234F8F1300B1EF19 /* Info.plist */ = {isa = PBXFileReference; lastKnownFileType = text.plist.xml; path = Info.plist; sourceTree = "<group>"; };
		981BBF14234F8F1400B1EF19 /* LandmarksTests.xctest */ = {isa = PBXFileReference; explicitFileType = wrapper.cfbundle; includeInIndex = 0; path = LandmarksTests.xctest; sourceTree = BUILT_PRODUCTS_DIR; };
		981BBF18234F8F1400B1EF19 /* LandmarksTests.swift */ = {isa = PBXFileReference; lastKnownFileType = sourcecode.swift; path = LandmarksTests.swift; sourceTree = "<group>"; };
		981BBF1A234F8F1400B1EF19 /* Info.plist */ = {isa = PBXFileReference; lastKnownFileType = text.plist.xml; path = Info.plist; sourceTree = "<group>"; };
		981BBF1F234F8F1400B1EF19 /* LandmarksUITests.xctest */ = {isa = PBXFileReference; explicitFileType = wrapper.cfbundle; includeInIndex = 0; path = LandmarksUITests.xctest; sourceTree = BUILT_PRODUCTS_DIR; };
		981BBF23234F8F1400B1EF19 /* LandmarksUITests.swift */ = {isa = PBXFileReference; lastKnownFileType = sourcecode.swift; path = LandmarksUITests.swift; sourceTree = "<group>"; };
		981BBF25234F8F1400B1EF19 /* Info.plist */ = {isa = PBXFileReference; lastKnownFileType = text.plist.xml; path = Info.plist; sourceTree = "<group>"; };
		98B987DE2351960900DA5015 /* CircleImage.swift */ = {isa = PBXFileReference; lastKnownFileType = sourcecode.swift; path = CircleImage.swift; sourceTree = "<group>"; };
		98B987E02352131C00DA5015 /* MapView.swift */ = {isa = PBXFileReference; lastKnownFileType = sourcecode.swift; path = MapView.swift; sourceTree = "<group>"; };
		98B987E523521A6200DA5015 /* Landmark.swift */ = {isa = PBXFileReference; lastKnownFileType = sourcecode.swift; path = Landmark.swift; sourceTree = "<group>"; };
		98B987F12352220300DA5015 /* LandmarkDetail.swift */ = {isa = PBXFileReference; lastKnownFileType = sourcecode.swift; path = LandmarkDetail.swift; sourceTree = "<group>"; };
		98B987F52352238A00DA5015 /* LandmarkRow.swift */ = {isa = PBXFileReference; lastKnownFileType = sourcecode.swift; path = LandmarkRow.swift; sourceTree = "<group>"; };
		98B987F72352252700DA5015 /* Data.swift */ = {isa = PBXFileReference; lastKnownFileType = sourcecode.swift; path = Data.swift; sourceTree = "<group>"; };
		98B987F923522D8700DA5015 /* LandmarkList.swift */ = {isa = PBXFileReference; lastKnownFileType = sourcecode.swift; path = LandmarkList.swift; sourceTree = "<group>"; };
		98B9882E2352D3DA00DA5015 /* UserData.swift */ = {isa = PBXFileReference; lastKnownFileType = sourcecode.swift; path = UserData.swift; sourceTree = "<group>"; };
		98B9883C2352D5C000DA5015 /* stmarylake.jpg */ = {isa = PBXFileReference; lastKnownFileType = image.jpeg; path = stmarylake.jpg; sourceTree = "<group>"; };
		98B9883D2352D5C000DA5015 /* turtlerock.jpg */ = {isa = PBXFileReference; lastKnownFileType = image.jpeg; path = turtlerock.jpg; sourceTree = "<group>"; };
		98B9883E2352D5C000DA5015 /* hiddenlake.jpg */ = {isa = PBXFileReference; lastKnownFileType = image.jpeg; path = hiddenlake.jpg; sourceTree = "<group>"; };
		98B9883F2352D5C000DA5015 /* rainbowlake.jpg */ = {isa = PBXFileReference; lastKnownFileType = image.jpeg; path = rainbowlake.jpg; sourceTree = "<group>"; };
		98B988402352D5C000DA5015 /* twinlake.jpg */ = {isa = PBXFileReference; lastKnownFileType = image.jpeg; path = twinlake.jpg; sourceTree = "<group>"; };
		98B988412352D5C000DA5015 /* silversalmoncreek.jpg */ = {isa = PBXFileReference; lastKnownFileType = image.jpeg; path = silversalmoncreek.jpg; sourceTree = "<group>"; };
		98B988422352D5C000DA5015 /* lakemcdonald.jpg */ = {isa = PBXFileReference; lastKnownFileType = image.jpeg; path = lakemcdonald.jpg; sourceTree = "<group>"; };
		98B988432352D5C000DA5015 /* icybay.jpg */ = {isa = PBXFileReference; lastKnownFileType = image.jpeg; path = icybay.jpg; sourceTree = "<group>"; };
		98B988442352D5C000DA5015 /* landmarkData.json */ = {isa = PBXFileReference; fileEncoding = 4; lastKnownFileType = text.json; path = landmarkData.json; sourceTree = "<group>"; };
		98B988452352D5C000DA5015 /* chilkoottrail.jpg */ = {isa = PBXFileReference; lastKnownFileType = image.jpeg; path = chilkoottrail.jpg; sourceTree = "<group>"; };
		98B988462352D5C000DA5015 /* yukon_charleyrivers.jpg */ = {isa = PBXFileReference; lastKnownFileType = image.jpeg; path = yukon_charleyrivers.jpg; sourceTree = "<group>"; };
		98B988472352D5C000DA5015 /* charleyrivers.jpg */ = {isa = PBXFileReference; lastKnownFileType = image.jpeg; path = charleyrivers.jpg; sourceTree = "<group>"; };
		98B988482352D5C100DA5015 /* chincoteague.jpg */ = {isa = PBXFileReference; lastKnownFileType = image.jpeg; path = chincoteague.jpg; sourceTree = "<group>"; };
		98B988492352D5C100DA5015 /* umbagog.jpg */ = {isa = PBXFileReference; lastKnownFileType = image.jpeg; path = umbagog.jpg; sourceTree = "<group>"; };
		98B988582353661900DA5015 /* HexagonParameters.swift */ = {isa = PBXFileReference; lastKnownFileType = sourcecode.swift; path = HexagonParameters.swift; sourceTree = "<group>"; };
		98B9885A235367C200DA5015 /* Badge.swift */ = {isa = PBXFileReference; lastKnownFileType = sourcecode.swift; path = Badge.swift; sourceTree = "<group>"; };
		98B9885C23565BDE00DA5015 /* BadgeBackground.swift */ = {isa = PBXFileReference; lastKnownFileType = sourcecode.swift; path = BadgeBackground.swift; sourceTree = "<group>"; };
		98B9885E23565CCB00DA5015 /* BadgeSymbol.swift */ = {isa = PBXFileReference; lastKnownFileType = sourcecode.swift; path = BadgeSymbol.swift; sourceTree = "<group>"; };
		98B9886023565D5F00DA5015 /* RotatedBadgeSymbol.swift */ = {isa = PBXFileReference; lastKnownFileType = sourcecode.swift; path = RotatedBadgeSymbol.swift; sourceTree = "<group>"; };
/* End PBXFileReference section */

/* Begin PBXFrameworksBuildPhase section */
		981BBEFB234F8F1100B1EF19 /* Frameworks */ = {
			isa = PBXFrameworksBuildPhase;
			buildActionMask = 2147483647;
			files = (
			);
			runOnlyForDeploymentPostprocessing = 0;
		};
		981BBF11234F8F1400B1EF19 /* Frameworks */ = {
			isa = PBXFrameworksBuildPhase;
			buildActionMask = 2147483647;
			files = (
			);
			runOnlyForDeploymentPostprocessing = 0;
		};
		981BBF1C234F8F1400B1EF19 /* Frameworks */ = {
			isa = PBXFrameworksBuildPhase;
			buildActionMask = 2147483647;
			files = (
			);
			runOnlyForDeploymentPostprocessing = 0;
		};
/* End PBXFrameworksBuildPhase section */

/* Begin PBXGroup section */
		981BBEF5234F8F1000B1EF19 = {
			isa = PBXGroup;
			children = (
				981BBF00234F8F1100B1EF19 /* Landmarks */,
				981BBF17234F8F1400B1EF19 /* LandmarksTests */,
				981BBF22234F8F1400B1EF19 /* LandmarksUITests */,
				981BBEFF234F8F1100B1EF19 /* Products */,
			);
			sourceTree = "<group>";
		};
		981BBEFF234F8F1100B1EF19 /* Products */ = {
			isa = PBXGroup;
			children = (
				981BBEFE234F8F1100B1EF19 /* Landmarks.app */,
				981BBF14234F8F1400B1EF19 /* LandmarksTests.xctest */,
				981BBF1F234F8F1400B1EF19 /* LandmarksUITests.xctest */,
			);
			name = Products;
			sourceTree = "<group>";
		};
		981BBF00234F8F1100B1EF19 /* Landmarks */ = {
			isa = PBXGroup;
			children = (
				98B987EC2352211C00DA5015 /* Resources */,
				98B987E72352205300DA5015 /* Models */,
				981BBF01234F8F1100B1EF19 /* AppDelegate.swift */,
				981BBF03234F8F1100B1EF19 /* SceneDelegate.swift */,
				981BBF05234F8F1100B1EF19 /* ContentView.swift */,
				981BBF07234F8F1300B1EF19 /* Assets.xcassets */,
				98B987DE2351960900DA5015 /* CircleImage.swift */,
				981BBF0C234F8F1300B1EF19 /* LaunchScreen.storyboard */,
				981BBF0F234F8F1300B1EF19 /* Info.plist */,
				981BBF09234F8F1300B1EF19 /* Preview Content */,
				98B987E02352131C00DA5015 /* MapView.swift */,
				98B987F12352220300DA5015 /* LandmarkDetail.swift */,
				98B987F52352238A00DA5015 /* LandmarkRow.swift */,
				98B987F923522D8700DA5015 /* LandmarkList.swift */,
				98B988582353661900DA5015 /* HexagonParameters.swift */,
				98B9885A235367C200DA5015 /* Badge.swift */,
				98B9885C23565BDE00DA5015 /* BadgeBackground.swift */,
				98B9885E23565CCB00DA5015 /* BadgeSymbol.swift */,
				98B9886023565D5F00DA5015 /* RotatedBadgeSymbol.swift */,
			);
			path = Landmarks;
			sourceTree = "<group>";
		};
		981BBF09234F8F1300B1EF19 /* Preview Content */ = {
			isa = PBXGroup;
			children = (
				981BBF0A234F8F1300B1EF19 /* Preview Assets.xcassets */,
			);
			path = "Preview Content";
			sourceTree = "<group>";
		};
		981BBF17234F8F1400B1EF19 /* LandmarksTests */ = {
			isa = PBXGroup;
			children = (
				981BBF18234F8F1400B1EF19 /* LandmarksTests.swift */,
				981BBF1A234F8F1400B1EF19 /* Info.plist */,
			);
			path = LandmarksTests;
			sourceTree = "<group>";
		};
		981BBF22234F8F1400B1EF19 /* LandmarksUITests */ = {
			isa = PBXGroup;
			children = (
				981BBF23234F8F1400B1EF19 /* LandmarksUITests.swift */,
				981BBF25234F8F1400B1EF19 /* Info.plist */,
			);
			path = LandmarksUITests;
			sourceTree = "<group>";
		};
		98B987E72352205300DA5015 /* Models */ = {
			isa = PBXGroup;
			children = (
				98B987E523521A6200DA5015 /* Landmark.swift */,
				98B987F72352252700DA5015 /* Data.swift */,
				98B9882E2352D3DA00DA5015 /* UserData.swift */,
			);
			path = Models;
			sourceTree = "<group>";
		};
		98B987EC2352211C00DA5015 /* Resources */ = {
			isa = PBXGroup;
			children = (
				98B988472352D5C000DA5015 /* charleyrivers.jpg */,
				98B988452352D5C000DA5015 /* chilkoottrail.jpg */,
				98B988482352D5C100DA5015 /* chincoteague.jpg */,
				98B9883E2352D5C000DA5015 /* hiddenlake.jpg */,
				98B988432352D5C000DA5015 /* icybay.jpg */,
				98B988422352D5C000DA5015 /* lakemcdonald.jpg */,
				98B988442352D5C000DA5015 /* landmarkData.json */,
				98B9883F2352D5C000DA5015 /* rainbowlake.jpg */,
				98B988412352D5C000DA5015 /* silversalmoncreek.jpg */,
				98B9883C2352D5C000DA5015 /* stmarylake.jpg */,
				98B9883D2352D5C000DA5015 /* turtlerock.jpg */,
				98B988402352D5C000DA5015 /* twinlake.jpg */,
				98B988492352D5C100DA5015 /* umbagog.jpg */,
				98B988462352D5C000DA5015 /* yukon_charleyrivers.jpg */,
			);
			path = Resources;
			sourceTree = "<group>";
		};
/* End PBXGroup section */

/* Begin PBXNativeTarget section */
		981BBEFD234F8F1100B1EF19 /* Landmarks */ = {
			isa = PBXNativeTarget;
			buildConfigurationList = 981BBF28234F8F1400B1EF19 /* Build configuration list for PBXNativeTarget "Landmarks" */;
			buildPhases = (
				981BBEFA234F8F1100B1EF19 /* Sources */,
				981BBEFB234F8F1100B1EF19 /* Frameworks */,
				981BBEFC234F8F1100B1EF19 /* Resources */,
			);
			buildRules = (
			);
			dependencies = (
			);
			name = Landmarks;
			productName = Landmarks;
			productReference = 981BBEFE234F8F1100B1EF19 /* Landmarks.app */;
			productType = "com.apple.product-type.application";
		};
		981BBF13234F8F1400B1EF19 /* LandmarksTests */ = {
			isa = PBXNativeTarget;
			buildConfigurationList = 981BBF2B234F8F1400B1EF19 /* Build configuration list for PBXNativeTarget "LandmarksTests" */;
			buildPhases = (
				981BBF10234F8F1400B1EF19 /* Sources */,
				981BBF11234F8F1400B1EF19 /* Frameworks */,
				981BBF12234F8F1400B1EF19 /* Resources */,
			);
			buildRules = (
			);
			dependencies = (
				981BBF16234F8F1400B1EF19 /* PBXTargetDependency */,
			);
			name = LandmarksTests;
			productName = LandmarksTests;
			productReference = 981BBF14234F8F1400B1EF19 /* LandmarksTests.xctest */;
			productType = "com.apple.product-type.bundle.unit-test";
		};
		981BBF1E234F8F1400B1EF19 /* LandmarksUITests */ = {
			isa = PBXNativeTarget;
			buildConfigurationList = 981BBF2E234F8F1400B1EF19 /* Build configuration list for PBXNativeTarget "LandmarksUITests" */;
			buildPhases = (
				981BBF1B234F8F1400B1EF19 /* Sources */,
				981BBF1C234F8F1400B1EF19 /* Frameworks */,
				981BBF1D234F8F1400B1EF19 /* Resources */,
			);
			buildRules = (
			);
			dependencies = (
				981BBF21234F8F1400B1EF19 /* PBXTargetDependency */,
			);
			name = LandmarksUITests;
			productName = LandmarksUITests;
			productReference = 981BBF1F234F8F1400B1EF19 /* LandmarksUITests.xctest */;
			productType = "com.apple.product-type.bundle.ui-testing";
		};
/* End PBXNativeTarget section */

/* Begin PBXProject section */
		981BBEF6234F8F1000B1EF19 /* Project object */ = {
			isa = PBXProject;
			attributes = {
				LastSwiftUpdateCheck = 1110;
				LastUpgradeCheck = 1110;
				ORGANIZATIONNAME = "Kane Harry";
				TargetAttributes = {
					981BBEFD234F8F1100B1EF19 = {
						CreatedOnToolsVersion = 11.1;
					};
					981BBF13234F8F1400B1EF19 = {
						CreatedOnToolsVersion = 11.1;
						TestTargetID = 981BBEFD234F8F1100B1EF19;
					};
					981BBF1E234F8F1400B1EF19 = {
						CreatedOnToolsVersion = 11.1;
						TestTargetID = 981BBEFD234F8F1100B1EF19;
					};
				};
			};
			buildConfigurationList = 981BBEF9234F8F1000B1EF19 /* Build configuration list for PBXProject "Landmarks" */;
			compatibilityVersion = "Xcode 9.3";
			developmentRegion = en;
			hasScannedForEncodings = 0;
			knownRegions = (
				en,
				Base,
			);
			mainGroup = 981BBEF5234F8F1000B1EF19;
			productRefGroup = 981BBEFF234F8F1100B1EF19 /* Products */;
			projectDirPath = "";
			projectRoot = "";
			targets = (
				981BBEFD234F8F1100B1EF19 /* Landmarks */,
				981BBF13234F8F1400B1EF19 /* LandmarksTests */,
				981BBF1E234F8F1400B1EF19 /* LandmarksUITests */,
			);
		};
/* End PBXProject section */

/* Begin PBXResourcesBuildPhase section */
		981BBEFC234F8F1100B1EF19 /* Resources */ = {
			isa = PBXResourcesBuildPhase;
			buildActionMask = 2147483647;
			files = (
				98B988552352D5C100DA5015 /* charleyrivers.jpg in Resources */,
				98B988542352D5C100DA5015 /* yukon_charleyrivers.jpg in Resources */,
				98B9884D2352D5C100DA5015 /* rainbowlake.jpg in Resources */,
				981BBF0E234F8F1300B1EF19 /* LaunchScreen.storyboard in Resources */,
				98B9884E2352D5C100DA5015 /* twinlake.jpg in Resources */,
				98B9884F2352D5C100DA5015 /* silversalmoncreek.jpg in Resources */,
				98B988512352D5C100DA5015 /* icybay.jpg in Resources */,
				98B988522352D5C100DA5015 /* landmarkData.json in Resources */,
				98B988532352D5C100DA5015 /* chilkoottrail.jpg in Resources */,
				98B988572352D5C100DA5015 /* umbagog.jpg in Resources */,
				981BBF0B234F8F1300B1EF19 /* Preview Assets.xcassets in Resources */,
				98B9884A2352D5C100DA5015 /* stmarylake.jpg in Resources */,
				98B988502352D5C100DA5015 /* lakemcdonald.jpg in Resources */,
				981BBF08234F8F1300B1EF19 /* Assets.xcassets in Resources */,
				98B9884C2352D5C100DA5015 /* hiddenlake.jpg in Resources */,
				98B988562352D5C100DA5015 /* chincoteague.jpg in Resources */,
				98B9884B2352D5C100DA5015 /* turtlerock.jpg in Resources */,
			);
			runOnlyForDeploymentPostprocessing = 0;
		};
		981BBF12234F8F1400B1EF19 /* Resources */ = {
			isa = PBXResourcesBuildPhase;
			buildActionMask = 2147483647;
			files = (
			);
			runOnlyForDeploymentPostprocessing = 0;
		};
		981BBF1D234F8F1400B1EF19 /* Resources */ = {
			isa = PBXResourcesBuildPhase;
			buildActionMask = 2147483647;
			files = (
			);
			runOnlyForDeploymentPostprocessing = 0;
		};
/* End PBXResourcesBuildPhase section */

/* Begin PBXSourcesBuildPhase section */
		981BBEFA234F8F1100B1EF19 /* Sources */ = {
			isa = PBXSourcesBuildPhase;
			buildActionMask = 2147483647;
			files = (
				98B988592353661A00DA5015 /* HexagonParameters.swift in Sources */,
				981BBF02234F8F1100B1EF19 /* AppDelegate.swift in Sources */,
				98B987DF2351960A00DA5015 /* CircleImage.swift in Sources */,
				98B987E12352131C00DA5015 /* MapView.swift in Sources */,
				981BBF04234F8F1100B1EF19 /* SceneDelegate.swift in Sources */,
				981BBF06234F8F1100B1EF19 /* ContentView.swift in Sources */,
				98B9882F2352D3DA00DA5015 /* UserData.swift in Sources */,
				98B987E623521A6200DA5015 /* Landmark.swift in Sources */,
				98B9885F23565CCB00DA5015 /* BadgeSymbol.swift in Sources */,
				98B987F62352238A00DA5015 /* LandmarkRow.swift in Sources */,
				98B9885D23565BDE00DA5015 /* BadgeBackground.swift in Sources */,
				98B987F82352252700DA5015 /* Data.swift in Sources */,
				98B987F22352220300DA5015 /* LandmarkDetail.swift in Sources */,
				98B9885B235367C200DA5015 /* Badge.swift in Sources */,
				98B987FA23522D8700DA5015 /* LandmarkList.swift in Sources */,
				98B9886123565D5F00DA5015 /* RotatedBadgeSymbol.swift in Sources */,
			);
			runOnlyForDeploymentPostprocessing = 0;
		};
		981BBF10234F8F1400B1EF19 /* Sources */ = {
			isa = PBXSourcesBuildPhase;
			buildActionMask = 2147483647;
			files = (
				981BBF19234F8F1400B1EF19 /* LandmarksTests.swift in Sources */,
			);
			runOnlyForDeploymentPostprocessing = 0;
		};
		981BBF1B234F8F1400B1EF19 /* Sources */ = {
			isa = PBXSourcesBuildPhase;
			buildActionMask = 2147483647;
			files = (
				981BBF24234F8F1400B1EF19 /* LandmarksUITests.swift in Sources */,
			);
			runOnlyForDeploymentPostprocessing = 0;
		};
/* End PBXSourcesBuildPhase section */

/* Begin PBXTargetDependency section */
		981BBF16234F8F1400B1EF19 /* PBXTargetDependency */ = {
			isa = PBXTargetDependency;
			target = 981BBEFD234F8F1100B1EF19 /* Landmarks */;
			targetProxy = 981BBF15234F8F1400B1EF19 /* PBXContainerItemProxy */;
		};
		981BBF21234F8F1400B1EF19 /* PBXTargetDependency */ = {
			isa = PBXTargetDependency;
			target = 981BBEFD234F8F1100B1EF19 /* Landmarks */;
			targetProxy = 981BBF20234F8F1400B1EF19 /* PBXContainerItemProxy */;
		};
/* End PBXTargetDependency section */

/* Begin PBXVariantGroup section */
		981BBF0C234F8F1300B1EF19 /* LaunchScreen.storyboard */ = {
			isa = PBXVariantGroup;
			children = (
				981BBF0D234F8F1300B1EF19 /* Base */,
			);
			name = LaunchScreen.storyboard;
			sourceTree = "<group>";
		};
/* End PBXVariantGroup section */

/* Begin XCBuildConfiguration section */
		981BBF26234F8F1400B1EF19 /* Debug */ = {
			isa = XCBuildConfiguration;
			buildSettings = {
				ALWAYS_SEARCH_USER_PATHS = NO;
				CLANG_ANALYZER_NONNULL = YES;
				CLANG_ANALYZER_NUMBER_OBJECT_CONVERSION = YES_AGGRESSIVE;
				CLANG_CXX_LANGUAGE_STANDARD = "gnu++14";
				CLANG_CXX_LIBRARY = "libc++";
				CLANG_ENABLE_MODULES = YES;
				CLANG_ENABLE_OBJC_ARC = YES;
				CLANG_ENABLE_OBJC_WEAK = YES;
				CLANG_WARN_BLOCK_CAPTURE_AUTORELEASING = YES;
				CLANG_WARN_BOOL_CONVERSION = YES;
				CLANG_WARN_COMMA = YES;
				CLANG_WARN_CONSTANT_CONVERSION = YES;
				CLANG_WARN_DEPRECATED_OBJC_IMPLEMENTATIONS = YES;
				CLANG_WARN_DIRECT_OBJC_ISA_USAGE = YES_ERROR;
				CLANG_WARN_DOCUMENTATION_COMMENTS = YES;
				CLANG_WARN_EMPTY_BODY = YES;
				CLANG_WARN_ENUM_CONVERSION = YES;
				CLANG_WARN_INFINITE_RECURSION = YES;
				CLANG_WARN_INT_CONVERSION = YES;
				CLANG_WARN_NON_LITERAL_NULL_CONVERSION = YES;
				CLANG_WARN_OBJC_IMPLICIT_RETAIN_SELF = YES;
				CLANG_WARN_OBJC_LITERAL_CONVERSION = YES;
				CLANG_WARN_OBJC_ROOT_CLASS = YES_ERROR;
				CLANG_WARN_RANGE_LOOP_ANALYSIS = YES;
				CLANG_WARN_STRICT_PROTOTYPES = YES;
				CLANG_WARN_SUSPICIOUS_MOVE = YES;
				CLANG_WARN_UNGUARDED_AVAILABILITY = YES_AGGRESSIVE;
				CLANG_WARN_UNREACHABLE_CODE = YES;
				CLANG_WARN__DUPLICATE_METHOD_MATCH = YES;
				COPY_PHASE_STRIP = NO;
				DEBUG_INFORMATION_FORMAT = dwarf;
				ENABLE_STRICT_OBJC_MSGSEND = YES;
				ENABLE_TESTABILITY = YES;
				GCC_C_LANGUAGE_STANDARD = gnu11;
				GCC_DYNAMIC_NO_PIC = NO;
				GCC_NO_COMMON_BLOCKS = YES;
				GCC_OPTIMIZATION_LEVEL = 0;
				GCC_PREPROCESSOR_DEFINITIONS = (
					"DEBUG=1",
					"$(inherited)",
				);
				GCC_WARN_64_TO_32_BIT_CONVERSION = YES;
				GCC_WARN_ABOUT_RETURN_TYPE = YES_ERROR;
				GCC_WARN_UNDECLARED_SELECTOR = YES;
				GCC_WARN_UNINITIALIZED_AUTOS = YES_AGGRESSIVE;
				GCC_WARN_UNUSED_FUNCTION = YES;
				GCC_WARN_UNUSED_VARIABLE = YES;
				IPHONEOS_DEPLOYMENT_TARGET = 13.1;
				MTL_ENABLE_DEBUG_INFO = INCLUDE_SOURCE;
				MTL_FAST_MATH = YES;
				ONLY_ACTIVE_ARCH = YES;
				SDKROOT = iphoneos;
				SWIFT_ACTIVE_COMPILATION_CONDITIONS = DEBUG;
				SWIFT_OPTIMIZATION_LEVEL = "-Onone";
			};
			name = Debug;
		};
		981BBF27234F8F1400B1EF19 /* Release */ = {
			isa = XCBuildConfiguration;
			buildSettings = {
				ALWAYS_SEARCH_USER_PATHS = NO;
				CLANG_ANALYZER_NONNULL = YES;
				CLANG_ANALYZER_NUMBER_OBJECT_CONVERSION = YES_AGGRESSIVE;
				CLANG_CXX_LANGUAGE_STANDARD = "gnu++14";
				CLANG_CXX_LIBRARY = "libc++";
				CLANG_ENABLE_MODULES = YES;
				CLANG_ENABLE_OBJC_ARC = YES;
				CLANG_ENABLE_OBJC_WEAK = YES;
				CLANG_WARN_BLOCK_CAPTURE_AUTORELEASING = YES;
				CLANG_WARN_BOOL_CONVERSION = YES;
				CLANG_WARN_COMMA = YES;
				CLANG_WARN_CONSTANT_CONVERSION = YES;
				CLANG_WARN_DEPRECATED_OBJC_IMPLEMENTATIONS = YES;
				CLANG_WARN_DIRECT_OBJC_ISA_USAGE = YES_ERROR;
				CLANG_WARN_DOCUMENTATION_COMMENTS = YES;
				CLANG_WARN_EMPTY_BODY = YES;
				CLANG_WARN_ENUM_CONVERSION = YES;
				CLANG_WARN_INFINITE_RECURSION = YES;
				CLANG_WARN_INT_CONVERSION = YES;
				CLANG_WARN_NON_LITERAL_NULL_CONVERSION = YES;
				CLANG_WARN_OBJC_IMPLICIT_RETAIN_SELF = YES;
				CLANG_WARN_OBJC_LITERAL_CONVERSION = YES;
				CLANG_WARN_OBJC_ROOT_CLASS = YES_ERROR;
				CLANG_WARN_RANGE_LOOP_ANALYSIS = YES;
				CLANG_WARN_STRICT_PROTOTYPES = YES;
				CLANG_WARN_SUSPICIOUS_MOVE = YES;
				CLANG_WARN_UNGUARDED_AVAILABILITY = YES_AGGRESSIVE;
				CLANG_WARN_UNREACHABLE_CODE = YES;
				CLANG_WARN__DUPLICATE_METHOD_MATCH = YES;
				COPY_PHASE_STRIP = NO;
				DEBUG_INFORMATION_FORMAT = "dwarf-with-dsym";
				ENABLE_NS_ASSERTIONS = NO;
				ENABLE_STRICT_OBJC_MSGSEND = YES;
				GCC_C_LANGUAGE_STANDARD = gnu11;
				GCC_NO_COMMON_BLOCKS = YES;
				GCC_WARN_64_TO_32_BIT_CONVERSION = YES;
				GCC_WARN_ABOUT_RETURN_TYPE = YES_ERROR;
				GCC_WARN_UNDECLARED_SELECTOR = YES;
				GCC_WARN_UNINITIALIZED_AUTOS = YES_AGGRESSIVE;
				GCC_WARN_UNUSED_FUNCTION = YES;
				GCC_WARN_UNUSED_VARIABLE = YES;
				IPHONEOS_DEPLOYMENT_TARGET = 13.1;
				MTL_ENABLE_DEBUG_INFO = NO;
				MTL_FAST_MATH = YES;
				SDKROOT = iphoneos;
				SWIFT_COMPILATION_MODE = wholemodule;
				SWIFT_OPTIMIZATION_LEVEL = "-O";
				VALIDATE_PRODUCT = YES;
			};
			name = Release;
		};
		981BBF29234F8F1400B1EF19 /* Debug */ = {
			isa = XCBuildConfiguration;
			buildSettings = {
				ASSETCATALOG_COMPILER_APPICON_NAME = AppIcon;
				CODE_SIGN_STYLE = Automatic;
				DEVELOPMENT_ASSET_PATHS = "\"Landmarks/Preview Content\"";
				ENABLE_PREVIEWS = YES;
				INFOPLIST_FILE = Landmarks/Info.plist;
				LD_RUNPATH_SEARCH_PATHS = (
					"$(inherited)",
					"@executable_path/Frameworks",
				);
				PRODUCT_BUNDLE_IDENTIFIER = com.harryking.Landmarks;
				PRODUCT_NAME = "$(TARGET_NAME)";
				SWIFT_VERSION = 5.0;
				TARGETED_DEVICE_FAMILY = "1,2";
			};
			name = Debug;
		};
		981BBF2A234F8F1400B1EF19 /* Release */ = {
			isa = XCBuildConfiguration;
			buildSettings = {
				ASSETCATALOG_COMPILER_APPICON_NAME = AppIcon;
				CODE_SIGN_STYLE = Automatic;
				DEVELOPMENT_ASSET_PATHS = "\"Landmarks/Preview Content\"";
				ENABLE_PREVIEWS = YES;
				INFOPLIST_FILE = Landmarks/Info.plist;
				LD_RUNPATH_SEARCH_PATHS = (
					"$(inherited)",
					"@executable_path/Frameworks",
				);
				PRODUCT_BUNDLE_IDENTIFIER = com.harryking.Landmarks;
				PRODUCT_NAME = "$(TARGET_NAME)";
				SWIFT_VERSION = 5.0;
				TARGETED_DEVICE_FAMILY = "1,2";
			};
			name = Release;
		};
		981BBF2C234F8F1400B1EF19 /* Debug */ = {
			isa = XCBuildConfiguration;
			buildSettings = {
				ALWAYS_EMBED_SWIFT_STANDARD_LIBRARIES = YES;
				BUNDLE_LOADER = "$(TEST_HOST)";
				CODE_SIGN_STYLE = Automatic;
				INFOPLIST_FILE = LandmarksTests/Info.plist;
				IPHONEOS_DEPLOYMENT_TARGET = 13.1;
				LD_RUNPATH_SEARCH_PATHS = (
					"$(inherited)",
					"@executable_path/Frameworks",
					"@loader_path/Frameworks",
				);
				PRODUCT_BUNDLE_IDENTIFIER = com.harryking.LandmarksTests;
				PRODUCT_NAME = "$(TARGET_NAME)";
				SWIFT_VERSION = 5.0;
				TARGETED_DEVICE_FAMILY = "1,2";
				TEST_HOST = "$(BUILT_PRODUCTS_DIR)/Landmarks.app/Landmarks";
			};
			name = Debug;
		};
		981BBF2D234F8F1400B1EF19 /* Release */ = {
			isa = XCBuildConfiguration;
			buildSettings = {
				ALWAYS_EMBED_SWIFT_STANDARD_LIBRARIES = YES;
				BUNDLE_LOADER = "$(TEST_HOST)";
				CODE_SIGN_STYLE = Automatic;
				INFOPLIST_FILE = LandmarksTests/Info.plist;
				IPHONEOS_DEPLOYMENT_TARGET = 13.1;
				LD_RUNPATH_SEARCH_PATHS = (
					"$(inherited)",
					"@executable_path/Frameworks",
					"@loader_path/Frameworks",
				);
				PRODUCT_BUNDLE_IDENTIFIER = com.harryking.LandmarksTests;
				PRODUCT_NAME = "$(TARGET_NAME)";
				SWIFT_VERSION = 5.0;
				TARGETED_DEVICE_FAMILY = "1,2";
				TEST_HOST = "$(BUILT_PRODUCTS_DIR)/Landmarks.app/Landmarks";
			};
			name = Release;
		};
		981BBF2F234F8F1400B1EF19 /* Debug */ = {
			isa = XCBuildConfiguration;
			buildSettings = {
				ALWAYS_EMBED_SWIFT_STANDARD_LIBRARIES = YES;
				CODE_SIGN_STYLE = Automatic;
				INFOPLIST_FILE = LandmarksUITests/Info.plist;
				LD_RUNPATH_SEARCH_PATHS = (
					"$(inherited)",
					"@executable_path/Frameworks",
					"@loader_path/Frameworks",
				);
				PRODUCT_BUNDLE_IDENTIFIER = com.harryking.LandmarksUITests;
				PRODUCT_NAME = "$(TARGET_NAME)";
				SWIFT_VERSION = 5.0;
				TARGETED_DEVICE_FAMILY = "1,2";
				TEST_TARGET_NAME = Landmarks;
			};
			name = Debug;
		};
		981BBF30234F8F1400B1EF19 /* Release */ = {
			isa = XCBuildConfiguration;
			buildSettings = {
				ALWAYS_EMBED_SWIFT_STANDARD_LIBRARIES = YES;
				CODE_SIGN_STYLE = Automatic;
				INFOPLIST_FILE = LandmarksUITests/Info.plist;
				LD_RUNPATH_SEARCH_PATHS = (
					"$(inherited)",
					"@executable_path/Frameworks",
					"@loader_path/Frameworks",
				);
				PRODUCT_BUNDLE_IDENTIFIER = com.harryking.LandmarksUITests;
				PRODUCT_NAME = "$(TARGET_NAME)";
				SWIFT_VERSION = 5.0;
				TARGETED_DEVICE_FAMILY = "1,2";
				TEST_TARGET_NAME = Landmarks;
			};
			name = Release;
		};
/* End XCBuildConfiguration section */

/* Begin XCConfigurationList section */
		981BBEF9234F8F1000B1EF19 /* Build configuration list for PBXProject "Landmarks" */ = {
			isa = XCConfigurationList;
			buildConfigurations = (
				981BBF26234F8F1400B1EF19 /* Debug */,
				981BBF27234F8F1400B1EF19 /* Release */,
			);
			defaultConfigurationIsVisible = 0;
			defaultConfigurationName = Release;
		};
		981BBF28234F8F1400B1EF19 /* Build configuration list for PBXNativeTarget "Landmarks" */ = {
			isa = XCConfigurationList;
			buildConfigurations = (
				981BBF29234F8F1400B1EF19 /* Debug */,
				981BBF2A234F8F1400B1EF19 /* Release */,
			);
			defaultConfigurationIsVisible = 0;
			defaultConfigurationName = Release;
		};
		981BBF2B234F8F1400B1EF19 /* Build configuration list for PBXNativeTarget "LandmarksTests" */ = {
			isa = XCConfigurationList;
			buildConfigurations = (
				981BBF2C234F8F1400B1EF19 /* Debug */,
				981BBF2D234F8F1400B1EF19 /* Release */,
			);
			defaultConfigurationIsVisible = 0;
			defaultConfigurationName = Release;
		};
		981BBF2E234F8F1400B1EF19 /* Build configuration list for PBXNativeTarget "LandmarksUITests" */ = {
			isa = XCConfigurationList;
			buildConfigurations = (
				981BBF2F234F8F1400B1EF19 /* Debug */,
				981BBF30234F8F1400B1EF19 /* Release */,
			);
			defaultConfigurationIsVisible = 0;
			defaultConfigurationName = Release;
		};
/* End XCConfigurationList section */
	};
	rootObject = 981BBEF6234F8F1000B1EF19 /* Project object */;
}
